{
  "lockfileVersion": 1,
  "workspaces": {
    "": {
      "name": "state-management-benchmark",
      "dependencies": {
        "jotai": "^2.15.1",
        "zustand": "^5.0.8",
      },
    },
  },
  "packages": {
    "immer": ["immer@10.2.0", "", {}, "sha512-d/+XTN3zfODyjr89gM3mPq1WNX2B8pYsu7eORitdwyA2sBubnTl3laYlBk4sXY5FUa5qTZGBDPJICVbvqzjlbw=="],

    "jotai": ["jotai@2.15.1", "", { "peerDependencies": { "@babel/core": ">=7.0.0", "@babel/template": ">=7.0.0", "@types/react": ">=17.0.0", "react": ">=17.0.0" }, "optionalPeers": ["@babel/core", "@babel/template", "@types/react"] }, "sha512-yHT1HAZ3ba2Q8wgaUQ+xfBzEtcS8ie687I8XVCBinfg4bNniyqLIN+utPXWKQE93LMF5fPbQSVRZqgpcN5yd6Q=="],

    "js-tokens": ["js-tokens@4.0.0", "", {}, "sha512-RdJUflcE3cUzKiMqQgsCu06FPu9UdIJO0beYbPhHN4k6apgJtifcoCtT9bcxOpYBtpD2kCM6Sbzg4CausW/PKQ=="],

    "loose-envify": ["loose-envify@1.4.0", "", { "dependencies": { "js-tokens": "^3.0.0 || ^4.0.0" }, "bin": "cli.js" }, "sha512-lyuxPGr/Wfhrlem2CL/UcnUc1zcqKAImBDzukY7Y5F/yQiNdko6+fRLevlw1HgMySw7f611UIY408EtxRSoK3Q=="],

    "react": ["react@18.3.1", "", { "dependencies": { "loose-envify": "^1.1.0" } }, "sha512-wS+hAgJShR0KhEvPJArfuPVN1+Hz1t0Y6n5jLrGQbkb4urgPE/0Rve+1kMB1v/oWgHgm4WIcV+i7F2pTVj+2iQ=="],

    "zustand": ["zustand@5.0.8", "", { "peerDependencies": { "@types/react": ">=18.0.0", "immer": ">=9.0.6", "react": ">=18.0.0", "use-sync-external-store": ">=1.2.0" }, "optionalPeers": ["@types/react", "use-sync-external-store"] }, "sha512-gyPKpIaxY9XcO2vSMrLbiER7QMAMGOQZVRdJ6Zi782jkbzZygq5GI9nG8g+sMgitRtndwaBSl7uiqC49o1SSiw=="],
  }
}
